
Microsoft Visual Studio Solution File, Format Version 12.00
# Visual Studio Version 17
VisualStudioVersion = 17.2.32630.192
MinimumVisualStudioVersion = 10.0.40219.1
Project("{FAE04EC0-301F-11D3-BF4B-00C04F79EFBC}") = "ShakeUp", "ShakeUp\ShakeUp.csproj", "{9DDB84DF-7C2C-4BEF-90ED-13654B23DE2A}"
EndProject
Global
	GlobalSection(SolutionConfigurationPlatforms) = preSolution
		Debug|Any CPU = Debug|Any CPU
		Release|Any CPU = Release|Any CPU
	EndGlobalSection
	GlobalSection(ProjectConfigurationPlatforms) = postSolution
		{9DDB84DF-7C2C-4BEF-90ED-13654B23DE2A}.Debug|Any CPU.ActiveCfg = Debug|Any CPU
		{9DDB84DF-7C2C-4BEF-90ED-13654B23DE2A}.Debug|Any CPU.Build.0 = Debug|Any CPU
		{9DDB84DF-7C2C-4BEF-90ED-13654B23DE2A}.Release|Any CPU.ActiveCfg = Release|Any CPU
		{9DDB84DF-7C2C-4BEF-90ED-13654B23DE2A}.Release|Any CPU.Build.0 = Release|Any CPU
	EndGlobalSection
	GlobalSection(SolutionProperties) = preSolution
		HideSolutionNode = FALSE
	EndGlobalSection
	GlobalSection(ExtensibilityGlobals) = postSolution
		SolutionGuid = {8D0D7236-5919-4700-A386-C11BA175F327}
	EndGlobalSection
EndGlobal
